// !$*UTF8*$!
{
	archiveVersion = 1;
	classes = {
	};
	objectVersion = 56;
	objects = {

/* Begin PBXBuildFile section */
		3506277E2C8DB6B600A495CF /* ContentView.swift in Sources */ = {isa = PBXBuildFile; fileRef = 3506277D2C8DB6B600A495CF /* ContentView.swift */; };
		35547BCB2C8B341A00892132 /* SpatialShoesRC in Frameworks */ = {isa = PBXBuildFile; productRef = 35547BCA2C8B341A00892132 /* SpatialShoesRC */; };
		3568A5922C63ACBB00965260 /* SpatialShoesApp.swift in Sources */ = {isa = PBXBuildFile; fileRef = 3568A5912C63ACBB00965260 /* SpatialShoesApp.swift */; };
		3568A5942C63ACBB00965260 /* HomeView.swift in Sources */ = {isa = PBXBuildFile; fileRef = 3568A5932C63ACBB00965260 /* HomeView.swift */; };
		3568A5962C63ACBC00965260 /* Assets.xcassets in Resources */ = {isa = PBXBuildFile; fileRef = 3568A5952C63ACBC00965260 /* Assets.xcassets */; };
		3568A5992C63ACBC00965260 /* Preview Assets.xcassets in Resources */ = {isa = PBXBuildFile; fileRef = 3568A5982C63ACBC00965260 /* Preview Assets.xcassets */; };
		3568A5A12C63B30400965260 /* shoes.json in Resources */ = {isa = PBXBuildFile; fileRef = 3568A5A02C63B30300965260 /* shoes.json */; };
		3568A5A32C63B39100965260 /* ShoeModel.swift in Sources */ = {isa = PBXBuildFile; fileRef = 3568A5A22C63B39100965260 /* ShoeModel.swift */; };
		3568A5AA2C63D01D00965260 /* DataInteractor.swift in Sources */ = {isa = PBXBuildFile; fileRef = 3568A5A92C63D01D00965260 /* DataInteractor.swift */; };
		3568A5AC2C6414B600965260 /* JSONInteractor.swift in Sources */ = {isa = PBXBuildFile; fileRef = 3568A5AB2C6414B600965260 /* JSONInteractor.swift */; };
		3568A5AF2C64383500965260 /* ShoesViewModel.swift in Sources */ = {isa = PBXBuildFile; fileRef = 3568A5AE2C64383500965260 /* ShoesViewModel.swift */; };
		356D5C532C8F21EA0019CA1A /* NavigationRouter.swift in Sources */ = {isa = PBXBuildFile; fileRef = 356D5C522C8F21EA0019CA1A /* NavigationRouter.swift */; };
		357990C52C650348007BD9B6 /* ShoeDetail.swift in Sources */ = {isa = PBXBuildFile; fileRef = 357990C42C650348007BD9B6 /* ShoeDetail.swift */; };
		357990C72C650B2D007BD9B6 /* shoesTest.json in Resources */ = {isa = PBXBuildFile; fileRef = 357990C62C650B2D007BD9B6 /* shoesTest.json */; };
		357990C92C650BA2007BD9B6 /* DataTest.swift in Sources */ = {isa = PBXBuildFile; fileRef = 357990C82C650BA2007BD9B6 /* DataTest.swift */; };
		35AEA8322C6FDE0B00C40C3F /* VolumetricShoe.swift in Sources */ = {isa = PBXBuildFile; fileRef = 35AEA8312C6FDE0B00C40C3F /* VolumetricShoe.swift */; };
		35AEA8362C6FDF6000C40C3F /* ShoeGrid.swift in Sources */ = {isa = PBXBuildFile; fileRef = 35AEA8352C6FDF6000C40C3F /* ShoeGrid.swift */; };
		35C817782C6FA347007AD378 /* ShoeContent.swift in Sources */ = {isa = PBXBuildFile; fileRef = 35C817772C6FA347007AD378 /* ShoeContent.swift */; };
/* End PBXBuildFile section */

/* Begin PBXFileReference section */
		3506277D2C8DB6B600A495CF /* ContentView.swift */ = {isa = PBXFileReference; lastKnownFileType = sourcecode.swift; path = ContentView.swift; sourceTree = "<group>"; };
		35547BC92C8B340B00892132 /* SpatialShoesRC */ = {isa = PBXFileReference; lastKnownFileType = wrapper; name = SpatialShoesRC; path = ../../SpatialShoesRC; sourceTree = "<group>"; };
		3568A58A2C63ACBB00965260 /* SpatialShoes.app */ = {isa = PBXFileReference; explicitFileType = wrapper.application; includeInIndex = 0; path = SpatialShoes.app; sourceTree = BUILT_PRODUCTS_DIR; };
		3568A5912C63ACBB00965260 /* SpatialShoesApp.swift */ = {isa = PBXFileReference; lastKnownFileType = sourcecode.swift; path = SpatialShoesApp.swift; sourceTree = "<group>"; };
		3568A5932C63ACBB00965260 /* HomeView.swift */ = {isa = PBXFileReference; lastKnownFileType = sourcecode.swift; path = HomeView.swift; sourceTree = "<group>"; };
		3568A5952C63ACBC00965260 /* Assets.xcassets */ = {isa = PBXFileReference; lastKnownFileType = folder.assetcatalog; path = Assets.xcassets; sourceTree = "<group>"; };
		3568A5982C63ACBC00965260 /* Preview Assets.xcassets */ = {isa = PBXFileReference; lastKnownFileType = folder.assetcatalog; path = "Preview Assets.xcassets"; sourceTree = "<group>"; };
		3568A59A2C63ACBC00965260 /* Info.plist */ = {isa = PBXFileReference; lastKnownFileType = text.plist.xml; path = Info.plist; sourceTree = "<group>"; };
		3568A5A02C63B30300965260 /* shoes.json */ = {isa = PBXFileReference; fileEncoding = 4; lastKnownFileType = text.json; path = shoes.json; sourceTree = "<group>"; };
		3568A5A22C63B39100965260 /* ShoeModel.swift */ = {isa = PBXFileReference; lastKnownFileType = sourcecode.swift; path = ShoeModel.swift; sourceTree = "<group>"; };
		3568A5A92C63D01D00965260 /* DataInteractor.swift */ = {isa = PBXFileReference; lastKnownFileType = sourcecode.swift; path = DataInteractor.swift; sourceTree = "<group>"; };
		3568A5AB2C6414B600965260 /* JSONInteractor.swift */ = {isa = PBXFileReference; lastKnownFileType = sourcecode.swift; path = JSONInteractor.swift; sourceTree = "<group>"; };
		3568A5AE2C64383500965260 /* ShoesViewModel.swift */ = {isa = PBXFileReference; lastKnownFileType = sourcecode.swift; path = ShoesViewModel.swift; sourceTree = "<group>"; };
		356D5C522C8F21EA0019CA1A /* NavigationRouter.swift */ = {isa = PBXFileReference; lastKnownFileType = sourcecode.swift; path = NavigationRouter.swift; sourceTree = "<group>"; };
		357990C42C650348007BD9B6 /* ShoeDetail.swift */ = {isa = PBXFileReference; lastKnownFileType = sourcecode.swift; path = ShoeDetail.swift; sourceTree = "<group>"; };
		357990C62C650B2D007BD9B6 /* shoesTest.json */ = {isa = PBXFileReference; fileEncoding = 4; lastKnownFileType = text.json; path = shoesTest.json; sourceTree = "<group>"; };
		357990C82C650BA2007BD9B6 /* DataTest.swift */ = {isa = PBXFileReference; lastKnownFileType = sourcecode.swift; path = DataTest.swift; sourceTree = "<group>"; };
		35AEA8312C6FDE0B00C40C3F /* VolumetricShoe.swift */ = {isa = PBXFileReference; lastKnownFileType = sourcecode.swift; path = VolumetricShoe.swift; sourceTree = "<group>"; };
		35AEA8352C6FDF6000C40C3F /* ShoeGrid.swift */ = {isa = PBXFileReference; lastKnownFileType = sourcecode.swift; path = ShoeGrid.swift; sourceTree = "<group>"; };
		35C817772C6FA347007AD378 /* ShoeContent.swift */ = {isa = PBXFileReference; lastKnownFileType = sourcecode.swift; path = ShoeContent.swift; sourceTree = "<group>"; };
/* End PBXFileReference section */

/* Begin PBXFrameworksBuildPhase section */
		3568A5872C63ACBB00965260 /* Frameworks */ = {
			isa = PBXFrameworksBuildPhase;
			buildActionMask = 2147483647;
			files = (
				35547BCB2C8B341A00892132 /* SpatialShoesRC in Frameworks */,
			);
			runOnlyForDeploymentPostprocessing = 0;
		};
/* End PBXFrameworksBuildPhase section */

/* Begin PBXGroup section */
		350627812C8DB77700A495CF /* Views */ = {
			isa = PBXGroup;
			children = (
				3568A5932C63ACBB00965260 /* HomeView.swift */,
				3506277D2C8DB6B600A495CF /* ContentView.swift */,
				356D5C522C8F21EA0019CA1A /* NavigationRouter.swift */,
				35C817772C6FA347007AD378 /* ShoeContent.swift */,
				357990C42C650348007BD9B6 /* ShoeDetail.swift */,
				35AEA8352C6FDF6000C40C3F /* ShoeGrid.swift */,
			);
			path = Views;
			sourceTree = "<group>";
		};
		3568A5812C63ACBB00965260 = {
			isa = PBXGroup;
			children = (
				3568A58C2C63ACBB00965260 /* SpatialShoes */,
				3568A58D2C63ACBB00965260 /* Packages */,
				3568A58B2C63ACBB00965260 /* Products */,
				357763E92C6E8DD1002FC63F /* Frameworks */,
			);
			sourceTree = "<group>";
		};
		3568A58B2C63ACBB00965260 /* Products */ = {
			isa = PBXGroup;
			children = (
				3568A58A2C63ACBB00965260 /* SpatialShoes.app */,
			);
			name = Products;
			sourceTree = "<group>";
		};
		3568A58C2C63ACBB00965260 /* SpatialShoes */ = {
			isa = PBXGroup;
			children = (
				3568A5912C63ACBB00965260 /* SpatialShoesApp.swift */,
				3568A5A42C63BCC500965260 /* Models */,
				350627812C8DB77700A495CF /* Views */,
				35CC42532C86776600619DA9 /* RealityViews */,
				3568A5AD2C6437EF00965260 /* ViewModel */,
				3568A5A82C63D00C00965260 /* Interactor */,
				3568A5A72C63BD7300965260 /* Resources */,
				3568A5A62C63BD5700965260 /* System */,
				3568A5972C63ACBC00965260 /* Preview Content */,
			);
			path = SpatialShoes;
			sourceTree = "<group>";
		};
		3568A58D2C63ACBB00965260 /* Packages */ = {
			isa = PBXGroup;
			children = (
				35547BC92C8B340B00892132 /* SpatialShoesRC */,
			);
			path = Packages;
			sourceTree = "<group>";
		};
		3568A5972C63ACBC00965260 /* Preview Content */ = {
			isa = PBXGroup;
			children = (
				3568A5982C63ACBC00965260 /* Preview Assets.xcassets */,
			);
			path = "Preview Content";
			sourceTree = "<group>";
		};
		3568A5A42C63BCC500965260 /* Models */ = {
			isa = PBXGroup;
			children = (
				3568A5A22C63B39100965260 /* ShoeModel.swift */,
			);
			path = Models;
			sourceTree = "<group>";
		};
		3568A5A62C63BD5700965260 /* System */ = {
			isa = PBXGroup;
			children = (
				357990C62C650B2D007BD9B6 /* shoesTest.json */,
				3568A5952C63ACBC00965260 /* Assets.xcassets */,
				3568A59A2C63ACBC00965260 /* Info.plist */,
				357990C82C650BA2007BD9B6 /* DataTest.swift */,
			);
			name = System;
			sourceTree = "<group>";
		};
		3568A5A72C63BD7300965260 /* Resources */ = {
			isa = PBXGroup;
			children = (
				3568A5A02C63B30300965260 /* shoes.json */,
			);
			path = Resources;
			sourceTree = "<group>";
		};
		3568A5A82C63D00C00965260 /* Interactor */ = {
			isa = PBXGroup;
			children = (
				3568A5A92C63D01D00965260 /* DataInteractor.swift */,
				3568A5AB2C6414B600965260 /* JSONInteractor.swift */,
			);
			path = Interactor;
			sourceTree = "<group>";
		};
		3568A5AD2C6437EF00965260 /* ViewModel */ = {
			isa = PBXGroup;
			children = (
				3568A5AE2C64383500965260 /* ShoesViewModel.swift */,
			);
			path = ViewModel;
			sourceTree = "<group>";
		};
		357763E92C6E8DD1002FC63F /* Frameworks */ = {
			isa = PBXGroup;
			children = (
			);
			name = Frameworks;
			sourceTree = "<group>";
		};
		35CC42532C86776600619DA9 /* RealityViews */ = {
			isa = PBXGroup;
			children = (
				35AEA8312C6FDE0B00C40C3F /* VolumetricShoe.swift */,
			);
			path = RealityViews;
			sourceTree = "<group>";
		};
/* End PBXGroup section */

/* Begin PBXNativeTarget section */
		3568A5892C63ACBB00965260 /* SpatialShoes */ = {
			isa = PBXNativeTarget;
			buildConfigurationList = 3568A59D2C63ACBC00965260 /* Build configuration list for PBXNativeTarget "SpatialShoes" */;
			buildPhases = (
				3568A5862C63ACBB00965260 /* Sources */,
				3568A5872C63ACBB00965260 /* Frameworks */,
				3568A5882C63ACBB00965260 /* Resources */,
			);
			buildRules = (
			);
			dependencies = (
			);
			name = SpatialShoes;
			packageProductDependencies = (
				35547BCA2C8B341A00892132 /* SpatialShoesRC */,
			);
			productName = SpatialShoes;
			productReference = 3568A58A2C63ACBB00965260 /* SpatialShoes.app */;
			productType = "com.apple.product-type.application";
		};
/* End PBXNativeTarget section */

/* Begin PBXProject section */
		3568A5822C63ACBB00965260 /* Project object */ = {
			isa = PBXProject;
			attributes = {
				BuildIndependentTargetsInParallel = 1;
				LastSwiftUpdateCheck = 1540;
				LastUpgradeCheck = 1540;
				TargetAttributes = {
					3568A5892C63ACBB00965260 = {
						CreatedOnToolsVersion = 15.4;
					};
				};
			};
			buildConfigurationList = 3568A5852C63ACBB00965260 /* Build configuration list for PBXProject "SpatialShoes" */;
			compatibilityVersion = "Xcode 14.0";
			developmentRegion = en;
			hasScannedForEncodings = 0;
			knownRegions = (
				en,
				Base,
			);
			mainGroup = 3568A5812C63ACBB00965260;
			productRefGroup = 3568A58B2C63ACBB00965260 /* Products */;
			projectDirPath = "";
			projectRoot = "";
			targets = (
				3568A5892C63ACBB00965260 /* SpatialShoes */,
			);
		};
/* End PBXProject section */

/* Begin PBXResourcesBuildPhase section */
		3568A5882C63ACBB00965260 /* Resources */ = {
			isa = PBXResourcesBuildPhase;
			buildActionMask = 2147483647;
			files = (
				357990C72C650B2D007BD9B6 /* shoesTest.json in Resources */,
				3568A5992C63ACBC00965260 /* Preview Assets.xcassets in Resources */,
				3568A5A12C63B30400965260 /* shoes.json in Resources */,
				3568A5962C63ACBC00965260 /* Assets.xcassets in Resources */,
			);
			runOnlyForDeploymentPostprocessing = 0;
		};
/* End PBXResourcesBuildPhase section */

/* Begin PBXSourcesBuildPhase section */
		3568A5862C63ACBB00965260 /* Sources */ = {
			isa = PBXSourcesBuildPhase;
			buildActionMask = 2147483647;
			files = (
				3568A5AA2C63D01D00965260 /* DataInteractor.swift in Sources */,
				3568A5AC2C6414B600965260 /* JSONInteractor.swift in Sources */,
				3568A5A32C63B39100965260 /* ShoeModel.swift in Sources */,
				357990C92C650BA2007BD9B6 /* DataTest.swift in Sources */,
				3568A5942C63ACBB00965260 /* HomeView.swift in Sources */,
				35C817782C6FA347007AD378 /* ShoeContent.swift in Sources */,
				357990C52C650348007BD9B6 /* ShoeDetail.swift in Sources */,
				3568A5922C63ACBB00965260 /* SpatialShoesApp.swift in Sources */,
				35AEA8322C6FDE0B00C40C3F /* VolumetricShoe.swift in Sources */,
				3506277E2C8DB6B600A495CF /* ContentView.swift in Sources */,
				356D5C532C8F21EA0019CA1A /* NavigationRouter.swift in Sources */,
				35AEA8362C6FDF6000C40C3F /* ShoeGrid.swift in Sources */,
				3568A5AF2C64383500965260 /* ShoesViewModel.swift in Sources */,
			);
			runOnlyForDeploymentPostprocessing = 0;
		};
/* End PBXSourcesBuildPhase section */

/* Begin XCBuildConfiguration section */
		3568A59B2C63ACBC00965260 /* Debug */ = {
			isa = XCBuildConfiguration;
			buildSettings = {
				ALWAYS_SEARCH_USER_PATHS = NO;
				ASSETCATALOG_COMPILER_GENERATE_SWIFT_ASSET_SYMBOL_EXTENSIONS = YES;
				CLANG_ANALYZER_NONNULL = YES;
				CLANG_ANALYZER_NUMBER_OBJECT_CONVERSION = YES_AGGRESSIVE;
				CLANG_CXX_LANGUAGE_STANDARD = "gnu++20";
				CLANG_ENABLE_MODULES = YES;
				CLANG_ENABLE_OBJC_ARC = YES;
				CLANG_ENABLE_OBJC_WEAK = YES;
				CLANG_WARN_BLOCK_CAPTURE_AUTORELEASING = YES;
				CLANG_WARN_BOOL_CONVERSION = YES;
				CLANG_WARN_COMMA = YES;
				CLANG_WARN_CONSTANT_CONVERSION = YES;
				CLANG_WARN_DEPRECATED_OBJC_IMPLEMENTATIONS = YES;
				CLANG_WARN_DIRECT_OBJC_ISA_USAGE = YES_ERROR;
				CLANG_WARN_DOCUMENTATION_COMMENTS = YES;
				CLANG_WARN_EMPTY_BODY = YES;
				CLANG_WARN_ENUM_CONVERSION = YES;
				CLANG_WARN_INFINITE_RECURSION = YES;
				CLANG_WARN_INT_CONVERSION = YES;
				CLANG_WARN_NON_LITERAL_NULL_CONVERSION = YES;
				CLANG_WARN_OBJC_IMPLICIT_RETAIN_SELF = YES;
				CLANG_WARN_OBJC_LITERAL_CONVERSION = YES;
				CLANG_WARN_OBJC_ROOT_CLASS = YES_ERROR;
				CLANG_WARN_QUOTED_INCLUDE_IN_FRAMEWORK_HEADER = YES;
				CLANG_WARN_RANGE_LOOP_ANALYSIS = YES;
				CLANG_WARN_STRICT_PROTOTYPES = YES;
				CLANG_WARN_SUSPICIOUS_MOVE = YES;
				CLANG_WARN_UNGUARDED_AVAILABILITY = YES_AGGRESSIVE;
				CLANG_WARN_UNREACHABLE_CODE = YES;
				CLANG_WARN__DUPLICATE_METHOD_MATCH = YES;
				COPY_PHASE_STRIP = NO;
				DEBUG_INFORMATION_FORMAT = dwarf;
				ENABLE_STRICT_OBJC_MSGSEND = YES;
				ENABLE_TESTABILITY = YES;
				ENABLE_USER_SCRIPT_SANDBOXING = YES;
				GCC_C_LANGUAGE_STANDARD = gnu17;
				GCC_DYNAMIC_NO_PIC = NO;
				GCC_NO_COMMON_BLOCKS = YES;
				GCC_OPTIMIZATION_LEVEL = 0;
				GCC_PREPROCESSOR_DEFINITIONS = (
					"DEBUG=1",
					"$(inherited)",
				);
				GCC_WARN_64_TO_32_BIT_CONVERSION = YES;
				GCC_WARN_ABOUT_RETURN_TYPE = YES_ERROR;
				GCC_WARN_UNDECLARED_SELECTOR = YES;
				GCC_WARN_UNINITIALIZED_AUTOS = YES_AGGRESSIVE;
				GCC_WARN_UNUSED_FUNCTION = YES;
				GCC_WARN_UNUSED_VARIABLE = YES;
				LOCALIZATION_PREFERS_STRING_CATALOGS = YES;
				MTL_ENABLE_DEBUG_INFO = INCLUDE_SOURCE;
				MTL_FAST_MATH = YES;
				ONLY_ACTIVE_ARCH = YES;
				SDKROOT = xros;
				SWIFT_ACTIVE_COMPILATION_CONDITIONS = "DEBUG $(inherited)";
				SWIFT_OPTIMIZATION_LEVEL = "-Onone";
				XROS_DEPLOYMENT_TARGET = 1.2;
			};
			name = Debug;
		};
		3568A59C2C63ACBC00965260 /* Release */ = {
			isa = XCBuildConfiguration;
			buildSettings = {
				ALWAYS_SEARCH_USER_PATHS = NO;
				ASSETCATALOG_COMPILER_GENERATE_SWIFT_ASSET_SYMBOL_EXTENSIONS = YES;
				CLANG_ANALYZER_NONNULL = YES;
				CLANG_ANALYZER_NUMBER_OBJECT_CONVERSION = YES_AGGRESSIVE;
				CLANG_CXX_LANGUAGE_STANDARD = "gnu++20";
				CLANG_ENABLE_MODULES = YES;
				CLANG_ENABLE_OBJC_ARC = YES;
				CLANG_ENABLE_OBJC_WEAK = YES;
				CLANG_WARN_BLOCK_CAPTURE_AUTORELEASING = YES;
				CLANG_WARN_BOOL_CONVERSION = YES;
				CLANG_WARN_COMMA = YES;
				CLANG_WARN_CONSTANT_CONVERSION = YES;
				CLANG_WARN_DEPRECATED_OBJC_IMPLEMENTATIONS = YES;
				CLANG_WARN_DIRECT_OBJC_ISA_USAGE = YES_ERROR;
				CLANG_WARN_DOCUMENTATION_COMMENTS = YES;
				CLANG_WARN_EMPTY_BODY = YES;
				CLANG_WARN_ENUM_CONVERSION = YES;
				CLANG_WARN_INFINITE_RECURSION = YES;
				CLANG_WARN_INT_CONVERSION = YES;
				CLANG_WARN_NON_LITERAL_NULL_CONVERSION = YES;
				CLANG_WARN_OBJC_IMPLICIT_RETAIN_SELF = YES;
				CLANG_WARN_OBJC_LITERAL_CONVERSION = YES;
				CLANG_WARN_OBJC_ROOT_CLASS = YES_ERROR;
				CLANG_WARN_QUOTED_INCLUDE_IN_FRAMEWORK_HEADER = YES;
				CLANG_WARN_RANGE_LOOP_ANALYSIS = YES;
				CLANG_WARN_STRICT_PROTOTYPES = YES;
				CLANG_WARN_SUSPICIOUS_MOVE = YES;
				CLANG_WARN_UNGUARDED_AVAILABILITY = YES_AGGRESSIVE;
				CLANG_WARN_UNREACHABLE_CODE = YES;
				CLANG_WARN__DUPLICATE_METHOD_MATCH = YES;
				COPY_PHASE_STRIP = NO;
				DEBUG_INFORMATION_FORMAT = "dwarf-with-dsym";
				ENABLE_NS_ASSERTIONS = NO;
				ENABLE_STRICT_OBJC_MSGSEND = YES;
				ENABLE_USER_SCRIPT_SANDBOXING = YES;
				GCC_C_LANGUAGE_STANDARD = gnu17;
				GCC_NO_COMMON_BLOCKS = YES;
				GCC_WARN_64_TO_32_BIT_CONVERSION = YES;
				GCC_WARN_ABOUT_RETURN_TYPE = YES_ERROR;
				GCC_WARN_UNDECLARED_SELECTOR = YES;
				GCC_WARN_UNINITIALIZED_AUTOS = YES_AGGRESSIVE;
				GCC_WARN_UNUSED_FUNCTION = YES;
				GCC_WARN_UNUSED_VARIABLE = YES;
				LOCALIZATION_PREFERS_STRING_CATALOGS = YES;
				MTL_ENABLE_DEBUG_INFO = NO;
				MTL_FAST_MATH = YES;
				SDKROOT = xros;
				SWIFT_COMPILATION_MODE = wholemodule;
				VALIDATE_PRODUCT = YES;
				XROS_DEPLOYMENT_TARGET = 1.2;
			};
			name = Release;
		};
		3568A59E2C63ACBC00965260 /* Debug */ = {
			isa = XCBuildConfiguration;
			buildSettings = {
				ASSETCATALOG_COMPILER_APPICON_NAME = AppIcon;
				ASSETCATALOG_COMPILER_GLOBAL_ACCENT_COLOR_NAME = AccentColor;
				CODE_SIGN_STYLE = Automatic;
				CURRENT_PROJECT_VERSION = 1;
				DEVELOPMENT_ASSET_PATHS = "\"SpatialShoes/Preview Content\"";
				ENABLE_PREVIEWS = YES;
				GENERATE_INFOPLIST_FILE = YES;
				INFOPLIST_FILE = "$(TARGET_NAME)/Info.plist";
				LD_RUNPATH_SEARCH_PATHS = (
					"$(inherited)",
					"@executable_path/Frameworks",
				);
				MARKETING_VERSION = 1.0;
				PRODUCT_BUNDLE_IDENTIFIER = silvinaroldan.SpatialShoes;
				PRODUCT_NAME = "$(TARGET_NAME)";
				SUPPORTED_PLATFORMS = "xros xrsimulator";
				SWIFT_EMIT_LOC_STRINGS = YES;
				SWIFT_VERSION = 5.0;
				TARGETED_DEVICE_FAMILY = "1,2,7";
			};
			name = Debug;
		};
		3568A59F2C63ACBC00965260 /* Release */ = {
			isa = XCBuildConfiguration;
			buildSettings = {
				ASSETCATALOG_COMPILER_APPICON_NAME = AppIcon;
				ASSETCATALOG_COMPILER_GLOBAL_ACCENT_COLOR_NAME = AccentColor;
				CODE_SIGN_STYLE = Automatic;
				CURRENT_PROJECT_VERSION = 1;
				DEVELOPMENT_ASSET_PATHS = "\"SpatialShoes/Preview Content\"";
				ENABLE_PREVIEWS = YES;
				GENERATE_INFOPLIST_FILE = YES;
				INFOPLIST_FILE = "$(TARGET_NAME)/Info.plist";
				LD_RUNPATH_SEARCH_PATHS = (
					"$(inherited)",
					"@executable_path/Frameworks",
				);
				MARKETING_VERSION = 1.0;
				PRODUCT_BUNDLE_IDENTIFIER = silvinaroldan.SpatialShoes;
				PRODUCT_NAME = "$(TARGET_NAME)";
				SUPPORTED_PLATFORMS = "xros xrsimulator";
				SWIFT_EMIT_LOC_STRINGS = YES;
				SWIFT_VERSION = 5.0;
				TARGETED_DEVICE_FAMILY = "1,2,7";
			};
			name = Release;
		};
/* End XCBuildConfiguration section */

/* Begin XCConfigurationList section */
		3568A5852C63ACBB00965260 /* Build configuration list for PBXProject "SpatialShoes" */ = {
			isa = XCConfigurationList;
			buildConfigurations = (
				3568A59B2C63ACBC00965260 /* Debug */,
				3568A59C2C63ACBC00965260 /* Release */,
			);
			defaultConfigurationIsVisible = 0;
			defaultConfigurationName = Release;
		};
		3568A59D2C63ACBC00965260 /* Build configuration list for PBXNativeTarget "SpatialShoes" */ = {
			isa = XCConfigurationList;
			buildConfigurations = (
				3568A59E2C63ACBC00965260 /* Debug */,
				3568A59F2C63ACBC00965260 /* Release */,
			);
			defaultConfigurationIsVisible = 0;
			defaultConfigurationName = Release;
		};
/* End XCConfigurationList section */

/* Begin XCSwiftPackageProductDependency section */
		35547BCA2C8B341A00892132 /* SpatialShoesRC */ = {
			isa = XCSwiftPackageProductDependency;
			productName = SpatialShoesRC;
		};
/* End XCSwiftPackageProductDependency section */
	};
	rootObject = 3568A5822C63ACBB00965260 /* Project object */;
}
